
Microsoft Visual Studio Solution File, Format Version 12.00
# Visual Studio Version 16
VisualStudioVersion = 16.0.31424.327
MinimumVisualStudioVersion = 10.0.40219.1
Project("{FAE04EC0-301F-11D3-BF4B-00C04F79EFBC}") = "UserTaskManangement", "UserTaskManangement.csproj", "{9CBA33CC-AD0C-4657-9E9F-607229CB92D1}"
EndProject
Project("{FAE04EC0-301F-11D3-BF4B-00C04F79EFBC}") = "UserTaskManagement.Common", "..\UserTaskManagement.Common\UserTaskManagement.Common.csproj", "{04878DB8-2D00-41FB-ABDC-8497E836D2EF}"
EndProject
Project("{FAE04EC0-301F-11D3-BF4B-00C04F79EFBC}") = "UserTaskManagement.Services", "..\UserTaskManagement.Services\UserTaskManagement.Services.csproj", "{A29D594F-ED8A-40AF-B964-9A4730CCF557}"
EndProject
Project("{FAE04EC0-301F-11D3-BF4B-00C04F79EFBC}") = "UserTaskManangement.DataAccess", "..\UserTaskManangement.DataAccess\UserTaskManangement.DataAccess.csproj", "{41581241-B58A-4000-90D8-AD3FD3D8752A}"
EndProject
Project("{FAE04EC0-301F-11D3-BF4B-00C04F79EFBC}") = "UserTaskManangement.WebAPI", "..\UserTaskManangement.WebAPI\UserTaskManangement.WebAPI.csproj", "{204769ED-076F-415A-8685-FD7F144B452C}"
EndProject
Global
	GlobalSection(SolutionConfigurationPlatforms) = preSolution
		Debug|Any CPU = Debug|Any CPU
		Release|Any CPU = Release|Any CPU
	EndGlobalSection
	GlobalSection(ProjectConfigurationPlatforms) = postSolution
		{9CBA33CC-AD0C-4657-9E9F-607229CB92D1}.Debug|Any CPU.ActiveCfg = Debug|Any CPU
		{9CBA33CC-AD0C-4657-9E9F-607229CB92D1}.Debug|Any CPU.Build.0 = Debug|Any CPU
		{9CBA33CC-AD0C-4657-9E9F-607229CB92D1}.Release|Any CPU.ActiveCfg = Release|Any CPU
		{9CBA33CC-AD0C-4657-9E9F-607229CB92D1}.Release|Any CPU.Build.0 = Release|Any CPU
		{04878DB8-2D00-41FB-ABDC-8497E836D2EF}.Debug|Any CPU.ActiveCfg = Debug|Any CPU
		{04878DB8-2D00-41FB-ABDC-8497E836D2EF}.Debug|Any CPU.Build.0 = Debug|Any CPU
		{04878DB8-2D00-41FB-ABDC-8497E836D2EF}.Release|Any CPU.ActiveCfg = Release|Any CPU
		{04878DB8-2D00-41FB-ABDC-8497E836D2EF}.Release|Any CPU.Build.0 = Release|Any CPU
		{A29D594F-ED8A-40AF-B964-9A4730CCF557}.Debug|Any CPU.ActiveCfg = Debug|Any CPU
		{A29D594F-ED8A-40AF-B964-9A4730CCF557}.Debug|Any CPU.Build.0 = Debug|Any CPU
		{A29D594F-ED8A-40AF-B964-9A4730CCF557}.Release|Any CPU.ActiveCfg = Release|Any CPU
		{A29D594F-ED8A-40AF-B964-9A4730CCF557}.Release|Any CPU.Build.0 = Release|Any CPU
		{41581241-B58A-4000-90D8-AD3FD3D8752A}.Debug|Any CPU.ActiveCfg = Debug|Any CPU
		{41581241-B58A-4000-90D8-AD3FD3D8752A}.Debug|Any CPU.Build.0 = Debug|Any CPU
		{41581241-B58A-4000-90D8-AD3FD3D8752A}.Release|Any CPU.ActiveCfg = Release|Any CPU
		{41581241-B58A-4000-90D8-AD3FD3D8752A}.Release|Any CPU.Build.0 = Release|Any CPU
		{204769ED-076F-415A-8685-FD7F144B452C}.Debug|Any CPU.ActiveCfg = Debug|Any CPU
		{204769ED-076F-415A-8685-FD7F144B452C}.Debug|Any CPU.Build.0 = Debug|Any CPU
		{204769ED-076F-415A-8685-FD7F144B452C}.Release|Any CPU.ActiveCfg = Release|Any CPU
		{204769ED-076F-415A-8685-FD7F144B452C}.Release|Any CPU.Build.0 = Release|Any CPU
	EndGlobalSection
	GlobalSection(SolutionProperties) = preSolution
		HideSolutionNode = FALSE
	EndGlobalSection
	GlobalSection(ExtensibilityGlobals) = postSolution
		SolutionGuid = {3FE18604-3145-4A3C-9836-19C01F390781}
	EndGlobalSection
EndGlobal
